
Microsoft Visual Studio Solution File, Format Version 12.00
# Visual Studio Version 17
VisualStudioVersion = 17.9.34723.18
MinimumVisualStudioVersion = 10.0.40219.1
Project("{9A19103F-16F7-4668-BE54-9A1E7A4F7556}") = "OrderAPI.Post", "src\Apis\OrderAPI.Post\OrderAPI.Post.csproj", "{8B804FBE-6A29-48D4-B84F-6483BA8D789F}"
EndProject
Project("{2150E333-8FDC-42A3-9474-1A3956D46DE8}") = "src", "src", "{A27E2BFC-2190-448B-A215-FCE009DB9105}"
EndProject
Project("{2150E333-8FDC-42A3-9474-1A3956D46DE8}") = "tests", "tests", "{2299D8D3-EC2D-4735-A6E8-E39CEDEBD9BF}"
EndProject
Project("{2150E333-8FDC-42A3-9474-1A3956D46DE8}") = "Apis", "Apis", "{D365091E-24A6-477F-A2AC-8F6A48B58680}"
EndProject
Project("{9A19103F-16F7-4668-BE54-9A1E7A4F7556}") = "OrderAPI.GetByOrderId", "src\Apis\OrderAPI.GetByOrderId\OrderAPI.GetByOrderId.csproj", "{811CB76D-0F26-4F92-B80E-2FDE330A1C27}"
EndProject
Project("{2150E333-8FDC-42A3-9474-1A3956D46DE8}") = "Solution Items", "Solution Items", "{8F3A0A33-82CB-4066-916B-29885EAAC36F}"
EndProject
Project("{9A19103F-16F7-4668-BE54-9A1E7A4F7556}") = "OrderAPI.Infraestructure", "src\OrderAPI.Infraestructure\OrderAPI.Infraestructure.csproj", "{5FE54EE2-219A-4AED-B016-62C8FF002C64}"
EndProject
Project("{9A19103F-16F7-4668-BE54-9A1E7A4F7556}") = "OrderAPI.Application", "src\OrderAPI.Application\OrderAPI.Application.csproj", "{90978CD7-041F-4B67-9F65-A6698A5D6AE5}"
EndProject
Project("{9A19103F-16F7-4668-BE54-9A1E7A4F7556}") = "OrderAPI.Domain", "src\OrderAPI.Domain\OrderAPI.Domain.csproj", "{5E92AE6A-3AA2-4742-BF0C-A37270D604BB}"
EndProject
Project("{9A19103F-16F7-4668-BE54-9A1E7A4F7556}") = "OrderAPI.Common", "src\Apis\OrderAPI.Common\OrderAPI.Common.csproj", "{42B65DF7-355C-4B6D-AECE-F29043673694}"
EndProject
Project("{9A19103F-16F7-4668-BE54-9A1E7A4F7556}") = "OrderAPI.Application.Tests", "tests\OrderAPI.Application.Tests\OrderAPI.Application.Tests.csproj", "{7F1F2882-988C-47C6-B83A-86B898AD41EA}"
EndProject
Project("{9A19103F-16F7-4668-BE54-9A1E7A4F7556}") = "OrderAPI.Infraestructure.Tests", "tests\OrderAPI.Infraestructure.Tests\OrderAPI.Infraestructure.Tests.csproj", "{1FE8C36C-CDC0-4988-8ED8-49E3406230D0}"
EndProject
Project("{9A19103F-16F7-4668-BE54-9A1E7A4F7556}") = "OrderAPI.Domain.Tests", "tests\OrderAPI.Domain.Tests\OrderAPI.Domain.Tests.csproj", "{DB1F8780-54F1-4CB3-90A4-8C44AF6F9A7D}"
EndProject
Global
	GlobalSection(SolutionConfigurationPlatforms) = preSolution
		Debug|Any CPU = Debug|Any CPU
		Release|Any CPU = Release|Any CPU
	EndGlobalSection
	GlobalSection(ProjectConfigurationPlatforms) = postSolution
		{8B804FBE-6A29-48D4-B84F-6483BA8D789F}.Debug|Any CPU.ActiveCfg = Debug|Any CPU
		{8B804FBE-6A29-48D4-B84F-6483BA8D789F}.Debug|Any CPU.Build.0 = Debug|Any CPU
		{8B804FBE-6A29-48D4-B84F-6483BA8D789F}.Release|Any CPU.ActiveCfg = Release|Any CPU
		{8B804FBE-6A29-48D4-B84F-6483BA8D789F}.Release|Any CPU.Build.0 = Release|Any CPU
		{811CB76D-0F26-4F92-B80E-2FDE330A1C27}.Debug|Any CPU.ActiveCfg = Debug|Any CPU
		{811CB76D-0F26-4F92-B80E-2FDE330A1C27}.Debug|Any CPU.Build.0 = Debug|Any CPU
		{811CB76D-0F26-4F92-B80E-2FDE330A1C27}.Release|Any CPU.ActiveCfg = Release|Any CPU
		{811CB76D-0F26-4F92-B80E-2FDE330A1C27}.Release|Any CPU.Build.0 = Release|Any CPU
		{5FE54EE2-219A-4AED-B016-62C8FF002C64}.Debug|Any CPU.ActiveCfg = Debug|Any CPU
		{5FE54EE2-219A-4AED-B016-62C8FF002C64}.Debug|Any CPU.Build.0 = Debug|Any CPU
		{5FE54EE2-219A-4AED-B016-62C8FF002C64}.Release|Any CPU.ActiveCfg = Release|Any CPU
		{5FE54EE2-219A-4AED-B016-62C8FF002C64}.Release|Any CPU.Build.0 = Release|Any CPU
		{90978CD7-041F-4B67-9F65-A6698A5D6AE5}.Debug|Any CPU.ActiveCfg = Debug|Any CPU
		{90978CD7-041F-4B67-9F65-A6698A5D6AE5}.Debug|Any CPU.Build.0 = Debug|Any CPU
		{90978CD7-041F-4B67-9F65-A6698A5D6AE5}.Release|Any CPU.ActiveCfg = Release|Any CPU
		{90978CD7-041F-4B67-9F65-A6698A5D6AE5}.Release|Any CPU.Build.0 = Release|Any CPU
		{5E92AE6A-3AA2-4742-BF0C-A37270D604BB}.Debug|Any CPU.ActiveCfg = Debug|Any CPU
		{5E92AE6A-3AA2-4742-BF0C-A37270D604BB}.Debug|Any CPU.Build.0 = Debug|Any CPU
		{5E92AE6A-3AA2-4742-BF0C-A37270D604BB}.Release|Any CPU.ActiveCfg = Release|Any CPU
		{5E92AE6A-3AA2-4742-BF0C-A37270D604BB}.Release|Any CPU.Build.0 = Release|Any CPU
		{42B65DF7-355C-4B6D-AECE-F29043673694}.Debug|Any CPU.ActiveCfg = Debug|Any CPU
		{42B65DF7-355C-4B6D-AECE-F29043673694}.Debug|Any CPU.Build.0 = Debug|Any CPU
		{42B65DF7-355C-4B6D-AECE-F29043673694}.Release|Any CPU.ActiveCfg = Release|Any CPU
		{42B65DF7-355C-4B6D-AECE-F29043673694}.Release|Any CPU.Build.0 = Release|Any CPU
		{7F1F2882-988C-47C6-B83A-86B898AD41EA}.Debug|Any CPU.ActiveCfg = Debug|Any CPU
		{7F1F2882-988C-47C6-B83A-86B898AD41EA}.Debug|Any CPU.Build.0 = Debug|Any CPU
		{7F1F2882-988C-47C6-B83A-86B898AD41EA}.Release|Any CPU.ActiveCfg = Release|Any CPU
		{7F1F2882-988C-47C6-B83A-86B898AD41EA}.Release|Any CPU.Build.0 = Release|Any CPU
		{1FE8C36C-CDC0-4988-8ED8-49E3406230D0}.Debug|Any CPU.ActiveCfg = Debug|Any CPU
		{1FE8C36C-CDC0-4988-8ED8-49E3406230D0}.Debug|Any CPU.Build.0 = Debug|Any CPU
		{1FE8C36C-CDC0-4988-8ED8-49E3406230D0}.Release|Any CPU.ActiveCfg = Release|Any CPU
		{1FE8C36C-CDC0-4988-8ED8-49E3406230D0}.Release|Any CPU.Build.0 = Release|Any CPU
		{DB1F8780-54F1-4CB3-90A4-8C44AF6F9A7D}.Debug|Any CPU.ActiveCfg = Debug|Any CPU
		{DB1F8780-54F1-4CB3-90A4-8C44AF6F9A7D}.Debug|Any CPU.Build.0 = Debug|Any CPU
		{DB1F8780-54F1-4CB3-90A4-8C44AF6F9A7D}.Release|Any CPU.ActiveCfg = Release|Any CPU
		{DB1F8780-54F1-4CB3-90A4-8C44AF6F9A7D}.Release|Any CPU.Build.0 = Release|Any CPU
	EndGlobalSection
	GlobalSection(SolutionProperties) = preSolution
		HideSolutionNode = FALSE
	EndGlobalSection
	GlobalSection(NestedProjects) = preSolution
		{8B804FBE-6A29-48D4-B84F-6483BA8D789F} = {D365091E-24A6-477F-A2AC-8F6A48B58680}
		{D365091E-24A6-477F-A2AC-8F6A48B58680} = {A27E2BFC-2190-448B-A215-FCE009DB9105}
		{811CB76D-0F26-4F92-B80E-2FDE330A1C27} = {D365091E-24A6-477F-A2AC-8F6A48B58680}
		{5FE54EE2-219A-4AED-B016-62C8FF002C64} = {A27E2BFC-2190-448B-A215-FCE009DB9105}
		{90978CD7-041F-4B67-9F65-A6698A5D6AE5} = {A27E2BFC-2190-448B-A215-FCE009DB9105}
		{5E92AE6A-3AA2-4742-BF0C-A37270D604BB} = {A27E2BFC-2190-448B-A215-FCE009DB9105}
		{42B65DF7-355C-4B6D-AECE-F29043673694} = {D365091E-24A6-477F-A2AC-8F6A48B58680}
		{7F1F2882-988C-47C6-B83A-86B898AD41EA} = {2299D8D3-EC2D-4735-A6E8-E39CEDEBD9BF}
		{1FE8C36C-CDC0-4988-8ED8-49E3406230D0} = {2299D8D3-EC2D-4735-A6E8-E39CEDEBD9BF}
		{DB1F8780-54F1-4CB3-90A4-8C44AF6F9A7D} = {2299D8D3-EC2D-4735-A6E8-E39CEDEBD9BF}
	EndGlobalSection
	GlobalSection(ExtensibilityGlobals) = postSolution
		SolutionGuid = {73BF298D-0AE8-4B36-B4DB-0FD61B139D10}
	EndGlobalSection
EndGlobal
